
Microsoft Visual Studio Solution File, Format Version 12.00
# Visual Studio Version 16
VisualStudioVersion = 16.0.31624.102
MinimumVisualStudioVersion = 10.0.40219.1
Project("{9A19103F-16F7-4668-BE54-9A1E7A4F7556}") = "HorseRaceBetApi", "HorseRaceBetApi\HorseRaceBetApi.csproj", "{05B0BC07-127E-4623-A2E4-CAFB4ED1C023}"
EndProject
Project("{FAE04EC0-301F-11D3-BF4B-00C04F79EFBC}") = "UniteTests", "UniteTests\UniteTests.csproj", "{3CB148DB-6680-442C-98B9-BFB99BA10E4C}"
EndProject
Global
	GlobalSection(SolutionConfigurationPlatforms) = preSolution
		Debug|Any CPU = Debug|Any CPU
		Release|Any CPU = Release|Any CPU
	EndGlobalSection
	GlobalSection(ProjectConfigurationPlatforms) = postSolution
		{05B0BC07-127E-4623-A2E4-CAFB4ED1C023}.Debug|Any CPU.ActiveCfg = Debug|Any CPU
		{05B0BC07-127E-4623-A2E4-CAFB4ED1C023}.Debug|Any CPU.Build.0 = Debug|Any CPU
		{05B0BC07-127E-4623-A2E4-CAFB4ED1C023}.Release|Any CPU.ActiveCfg = Release|Any CPU
		{05B0BC07-127E-4623-A2E4-CAFB4ED1C023}.Release|Any CPU.Build.0 = Release|Any CPU
		{3CB148DB-6680-442C-98B9-BFB99BA10E4C}.Debug|Any CPU.ActiveCfg = Debug|Any CPU
		{3CB148DB-6680-442C-98B9-BFB99BA10E4C}.Debug|Any CPU.Build.0 = Debug|Any CPU
		{3CB148DB-6680-442C-98B9-BFB99BA10E4C}.Release|Any CPU.ActiveCfg = Release|Any CPU
		{3CB148DB-6680-442C-98B9-BFB99BA10E4C}.Release|Any CPU.Build.0 = Release|Any CPU
	EndGlobalSection
	GlobalSection(SolutionProperties) = preSolution
		HideSolutionNode = FALSE
	EndGlobalSection
	GlobalSection(ExtensibilityGlobals) = postSolution
		SolutionGuid = {FB02D778-A4C5-40AE-8829-1415270374A4}
	EndGlobalSection
EndGlobal
